
Microsoft Visual Studio Solution File, Format Version 12.00
# Visual Studio Version 16
VisualStudioVersion = 16.0.29102.190
MinimumVisualStudioVersion = 10.0.40219.1
Project("{9A19103F-16F7-4668-BE54-9A1E7A4F7556}") = "Nanosteps.Reflection", "Nanosteps.Reflection\Nanosteps.Reflection.csproj", "{40D235F7-9904-4CF0-88BD-8E662A8DEC7A}"
EndProject
Project("{FAE04EC0-301F-11D3-BF4B-00C04F79EFBC}") = "Reflection.Tests", "Reflection.Tests\Reflection.Tests.csproj", "{AECEB593-98FA-48E0-A22C-1B4A29963880}"
EndProject
Global
	GlobalSection(SolutionConfigurationPlatforms) = preSolution
		Debug|Any CPU = Debug|Any CPU
		Release|Any CPU = Release|Any CPU
	EndGlobalSection
	GlobalSection(ProjectConfigurationPlatforms) = postSolution
		{40D235F7-9904-4CF0-88BD-8E662A8DEC7A}.Debug|Any CPU.ActiveCfg = Debug|Any CPU
		{40D235F7-9904-4CF0-88BD-8E662A8DEC7A}.Debug|Any CPU.Build.0 = Debug|Any CPU
		{40D235F7-9904-4CF0-88BD-8E662A8DEC7A}.Release|Any CPU.ActiveCfg = Release|Any CPU
		{40D235F7-9904-4CF0-88BD-8E662A8DEC7A}.Release|Any CPU.Build.0 = Release|Any CPU
		{AECEB593-98FA-48E0-A22C-1B4A29963880}.Debug|Any CPU.ActiveCfg = Debug|Any CPU
		{AECEB593-98FA-48E0-A22C-1B4A29963880}.Debug|Any CPU.Build.0 = Debug|Any CPU
		{AECEB593-98FA-48E0-A22C-1B4A29963880}.Release|Any CPU.ActiveCfg = Release|Any CPU
		{AECEB593-98FA-48E0-A22C-1B4A29963880}.Release|Any CPU.Build.0 = Release|Any CPU
	EndGlobalSection
	GlobalSection(SolutionProperties) = preSolution
		HideSolutionNode = FALSE
	EndGlobalSection
	GlobalSection(ExtensibilityGlobals) = postSolution
		SolutionGuid = {F8BBEB6B-53B8-4C5A-8638-02B2F6C9D3E7}
	EndGlobalSection
EndGlobal
